Microsoft Visual Studio Solution File, Format Version 12.00
# Visual Studio 15
VisualStudioVersion = 15.0.26430.12
MinimumVisualStudioVersion = 10.0.40219.1
Project("{8BC9CEB8-8B4A-11D0-8D11-00A0C91BC942}") = "GB28181.Platform", "GB28181.Platform\GB28181.Platform.5.0.vcxproj", "{B16AA507-E0B0-4E50-B153-61F1AA65A88E}"
	ProjectSection(ProjectDependencies) = postProject
		{E39CD99A-B217-4433-92FD-27287A9FF6D7} = {E39CD99A-B217-4433-92FD-27287A9FF6D7}
	EndProjectSection
EndProject
Project("{8BC9CEB8-8B4A-11D0-8D11-00A0C91BC942}") = "GB28181.SipCom", "GB28181.SipCom\GB28181.SipCom.vcxproj", "{E39CD99A-B217-4433-92FD-27287A9FF6D7}"
	ProjectSection(ProjectDependencies) = postProject
		{85255507-5D16-4218-85E2-F683BB2F04DA} = {85255507-5D16-4218-85E2-F683BB2F04DA}
		{4EA67539-9EE9-4065-BD39-87E517FD8262} = {4EA67539-9EE9-4065-BD39-87E517FD8262}
	EndProjectSection
EndProject
Project("{8BC9CEB8-8B4A-11D0-8D11-00A0C91BC942}") = "GB28181.DeviceInfoMgr", "GB28181.DeviceInfoMgr\GB28181.DeviceInfoMgr.vcxproj", "{C44C575E-51E1-4ABF-B683-C953CAF0E7DF}"
EndProject
Project("{8BC9CEB8-8B4A-11D0-8D11-00A0C91BC942}") = "osipparser2", "osip\platform\vsnet\osipparser2.vcxproj", "{44F46B7E-0E51-4304-9735-330DFBAB41E5}"
EndProject
Project("{8BC9CEB8-8B4A-11D0-8D11-00A0C91BC942}") = "osip2", "osip\platform\vsnet\osip2.vcxproj", "{85255507-5D16-4218-85E2-F683BB2F04DA}"
	ProjectSection(ProjectDependencies) = postProject
		{44F46B7E-0E51-4304-9735-330DFBAB41E5} = {44F46B7E-0E51-4304-9735-330DFBAB41E5}
	EndProjectSection
EndProject
Project("{8BC9CEB8-8B4A-11D0-8D11-00A0C91BC942}") = "WebServiceSDK", "WebServiceSDK\WebServiceSDK.vcxproj", "{3BF500F6-D0F0-4A75-8FE8-7DE65E3A9462}"
EndProject
Project("{8BC9CEB8-8B4A-11D0-8D11-00A0C91BC942}") = "GBUtils", "GBUtils\GBUtils.vcxproj", "{8ABF328A-9E7E-468D-AFFA-22ECE37ACA5F}"
EndProject
Project("{8BC9CEB8-8B4A-11D0-8D11-00A0C91BC942}") = "UnitTest", "UnitTest\UnitTest.vcxproj", "{666DBFB8-4DDE-4A13-84F0-2F96CBA28A27}"
EndProject
Project("{8BC9CEB8-8B4A-11D0-8D11-00A0C91BC942}") = "libcares", "eXosip\platform\vsnet\libcares.vcxproj", "{6BCE0E64-5A72-4243-B385-88E62C8E398A}"
EndProject
Project("{8BC9CEB8-8B4A-11D0-8D11-00A0C91BC942}") = "eXosip", "eXosip\platform\vsnet\eXosip.vcxproj", "{4EA67539-9EE9-4065-BD39-87E517FD8262}"
EndProject
Project("{8BC9CEB8-8B4A-11D0-8D11-00A0C91BC942}") = "GB28181DLL", "GB28181.Lib\GB28181DLL.vcxproj", "{020EEC8A-B207-47C6-B173-52DACB2B5908}"
EndProject
Project("{8BC9CEB8-8B4A-11D0-8D11-00A0C91BC942}") = "TestCom", "GB28181.Tools.TestCom\TestCom.vcxproj", "{61B0178D-D60E-4274-BF1F-348D0356C866}"
EndProject
Global
	GlobalSection(SolutionConfigurationPlatforms) = preSolution
		Debug|Any CPU = Debug|Any CPU
		Debug|Win32 = Debug|Win32
		Debug|x64 = Debug|x64
		Release|Any CPU = Release|Any CPU
		Release|Win32 = Release|Win32
		Release|x64 = Release|x64
	EndGlobalSection
	GlobalSection(ProjectConfigurationPlatforms) = postSolution
		{B16AA507-E0B0-4E50-B153-61F1AA65A88E}.Debug|Any CPU.ActiveCfg = Debug|Win32
		{B16AA507-E0B0-4E50-B153-61F1AA65A88E}.Debug|Win32.ActiveCfg = Debug|Win32
		{B16AA507-E0B0-4E50-B153-61F1AA65A88E}.Debug|Win32.Build.0 = Debug|Win32
		{B16AA507-E0B0-4E50-B153-61F1AA65A88E}.Debug|x64.ActiveCfg = Debug|Win32
		{B16AA507-E0B0-4E50-B153-61F1AA65A88E}.Release|Any CPU.ActiveCfg = Release|Win32
		{B16AA507-E0B0-4E50-B153-61F1AA65A88E}.Release|Win32.ActiveCfg = Release|Win32
		{B16AA507-E0B0-4E50-B153-61F1AA65A88E}.Release|Win32.Build.0 = Release|Win32
		{B16AA507-E0B0-4E50-B153-61F1AA65A88E}.Release|x64.ActiveCfg = Release|Win32
		{E39CD99A-B217-4433-92FD-27287A9FF6D7}.Debug|Any CPU.ActiveCfg = Debug|Win32
		{E39CD99A-B217-4433-92FD-27287A9FF6D7}.Debug|Win32.ActiveCfg = Debug|Win32
		{E39CD99A-B217-4433-92FD-27287A9FF6D7}.Debug|Win32.Build.0 = Debug|Win32
		{E39CD99A-B217-4433-92FD-27287A9FF6D7}.Debug|x64.ActiveCfg = Debug|Win32
		{E39CD99A-B217-4433-92FD-27287A9FF6D7}.Release|Any CPU.ActiveCfg = Release|Win32
		{E39CD99A-B217-4433-92FD-27287A9FF6D7}.Release|Win32.ActiveCfg = Release|Win32
		{E39CD99A-B217-4433-92FD-27287A9FF6D7}.Release|Win32.Build.0 = Release|Win32
		{E39CD99A-B217-4433-92FD-27287A9FF6D7}.Release|x64.ActiveCfg = Release|Win32
		{C44C575E-51E1-4ABF-B683-C953CAF0E7DF}.Debug|Any CPU.ActiveCfg = Debug|Win32
		{C44C575E-51E1-4ABF-B683-C953CAF0E7DF}.Debug|Win32.ActiveCfg = Debug|Win32
		{C44C575E-51E1-4ABF-B683-C953CAF0E7DF}.Debug|Win32.Build.0 = Debug|Win32
		{C44C575E-51E1-4ABF-B683-C953CAF0E7DF}.Debug|x64.ActiveCfg = Debug|Win32
		{C44C575E-51E1-4ABF-B683-C953CAF0E7DF}.Release|Any CPU.ActiveCfg = Release|Win32
		{C44C575E-51E1-4ABF-B683-C953CAF0E7DF}.Release|Win32.ActiveCfg = Release|Win32
		{C44C575E-51E1-4ABF-B683-C953CAF0E7DF}.Release|Win32.Build.0 = Release|Win32
		{C44C575E-51E1-4ABF-B683-C953CAF0E7DF}.Release|x64.ActiveCfg = Release|Win32
		{44F46B7E-0E51-4304-9735-330DFBAB41E5}.Debug|Any CPU.ActiveCfg = Debug|Win32
		{44F46B7E-0E51-4304-9735-330DFBAB41E5}.Debug|Win32.ActiveCfg = Debug|Win32
		{44F46B7E-0E51-4304-9735-330DFBAB41E5}.Debug|Win32.Build.0 = Debug|Win32
		{44F46B7E-0E51-4304-9735-330DFBAB41E5}.Debug|x64.ActiveCfg = Debug|Win32
		{44F46B7E-0E51-4304-9735-330DFBAB41E5}.Release|Any CPU.ActiveCfg = Release|Win32
		{44F46B7E-0E51-4304-9735-330DFBAB41E5}.Release|Win32.ActiveCfg = Release|Win32
		{44F46B7E-0E51-4304-9735-330DFBAB41E5}.Release|Win32.Build.0 = Release|Win32
		{44F46B7E-0E51-4304-9735-330DFBAB41E5}.Release|x64.ActiveCfg = Release|Win32
		{85255507-5D16-4218-85E2-F683BB2F04DA}.Debug|Any CPU.ActiveCfg = Debug|Win32
		{85255507-5D16-4218-85E2-F683BB2F04DA}.Debug|Win32.ActiveCfg = Debug|Win32
		{85255507-5D16-4218-85E2-F683BB2F04DA}.Debug|Win32.Build.0 = Debug|Win32
		{85255507-5D16-4218-85E2-F683BB2F04DA}.Debug|x64.ActiveCfg = Debug|Win32
		{85255507-5D16-4218-85E2-F683BB2F04DA}.Release|Any CPU.ActiveCfg = Release|Win32
		{85255507-5D16-4218-85E2-F683BB2F04DA}.Release|Win32.ActiveCfg = Release|Win32
		{85255507-5D16-4218-85E2-F683BB2F04DA}.Release|Win32.Build.0 = Release|Win32
		{85255507-5D16-4218-85E2-F683BB2F04DA}.Release|x64.ActiveCfg = Release|Win32
		{3BF500F6-D0F0-4A75-8FE8-7DE65E3A9462}.Debug|Any CPU.ActiveCfg = Debug|Win32
		{3BF500F6-D0F0-4A75-8FE8-7DE65E3A9462}.Debug|Win32.ActiveCfg = Debug|Win32
		{3BF500F6-D0F0-4A75-8FE8-7DE65E3A9462}.Debug|Win32.Build.0 = Debug|Win32
		{3BF500F6-D0F0-4A75-8FE8-7DE65E3A9462}.Debug|x64.ActiveCfg = Debug|x64
		{3BF500F6-D0F0-4A75-8FE8-7DE65E3A9462}.Debug|x64.Build.0 = Debug|x64
		{3BF500F6-D0F0-4A75-8FE8-7DE65E3A9462}.Release|Any CPU.ActiveCfg = Release|Win32
		{3BF500F6-D0F0-4A75-8FE8-7DE65E3A9462}.Release|Win32.ActiveCfg = Release|Win32
		{3BF500F6-D0F0-4A75-8FE8-7DE65E3A9462}.Release|Win32.Build.0 = Release|Win32
		{3BF500F6-D0F0-4A75-8FE8-7DE65E3A9462}.Release|x64.ActiveCfg = Release|x64
		{3BF500F6-D0F0-4A75-8FE8-7DE65E3A9462}.Release|x64.Build.0 = Release|x64
		{8ABF328A-9E7E-468D-AFFA-22ECE37ACA5F}.Debug|Any CPU.ActiveCfg = Debug|Win32
		{8ABF328A-9E7E-468D-AFFA-22ECE37ACA5F}.Debug|Win32.ActiveCfg = Debug|Win32
		{8ABF328A-9E7E-468D-AFFA-22ECE37ACA5F}.Debug|Win32.Build.0 = Debug|Win32
		{8ABF328A-9E7E-468D-AFFA-22ECE37ACA5F}.Debug|x64.ActiveCfg = Debug|x64
		{8ABF328A-9E7E-468D-AFFA-22ECE37ACA5F}.Debug|x64.Build.0 = Debug|x64
		{8ABF328A-9E7E-468D-AFFA-22ECE37ACA5F}.Release|Any CPU.ActiveCfg = Release|Win32
		{8ABF328A-9E7E-468D-AFFA-22ECE37ACA5F}.Release|Win32.ActiveCfg = Release|Win32
		{8ABF328A-9E7E-468D-AFFA-22ECE37ACA5F}.Release|Win32.Build.0 = Release|Win32
		{8ABF328A-9E7E-468D-AFFA-22ECE37ACA5F}.Release|x64.ActiveCfg = Release|x64
		{8ABF328A-9E7E-468D-AFFA-22ECE37ACA5F}.Release|x64.Build.0 = Release|x64
		{666DBFB8-4DDE-4A13-84F0-2F96CBA28A27}.Debug|Any CPU.ActiveCfg = Debug|Win32
		{666DBFB8-4DDE-4A13-84F0-2F96CBA28A27}.Debug|Win32.ActiveCfg = Debug|Win32
		{666DBFB8-4DDE-4A13-84F0-2F96CBA28A27}.Debug|Win32.Build.0 = Debug|Win32
		{666DBFB8-4DDE-4A13-84F0-2F96CBA28A27}.Debug|x64.ActiveCfg = Debug|x64
		{666DBFB8-4DDE-4A13-84F0-2F96CBA28A27}.Debug|x64.Build.0 = Debug|x64
		{666DBFB8-4DDE-4A13-84F0-2F96CBA28A27}.Release|Any CPU.ActiveCfg = Release|Win32
		{666DBFB8-4DDE-4A13-84F0-2F96CBA28A27}.Release|Win32.ActiveCfg = Release|Win32
		{666DBFB8-4DDE-4A13-84F0-2F96CBA28A27}.Release|Win32.Build.0 = Release|Win32
		{666DBFB8-4DDE-4A13-84F0-2F96CBA28A27}.Release|x64.ActiveCfg = Release|x64
		{666DBFB8-4DDE-4A13-84F0-2F96CBA28A27}.Release|x64.Build.0 = Release|x64
		{6BCE0E64-5A72-4243-B385-88E62C8E398A}.Debug|Any CPU.ActiveCfg = Debug|Win32
		{6BCE0E64-5A72-4243-B385-88E62C8E398A}.Debug|Win32.ActiveCfg = Debug|Win32
		{6BCE0E64-5A72-4243-B385-88E62C8E398A}.Debug|Win32.Build.0 = Debug|Win32
		{6BCE0E64-5A72-4243-B385-88E62C8E398A}.Debug|x64.ActiveCfg = Debug|x64
		{6BCE0E64-5A72-4243-B385-88E62C8E398A}.Debug|x64.Build.0 = Debug|x64
		{6BCE0E64-5A72-4243-B385-88E62C8E398A}.Release|Any CPU.ActiveCfg = Release|Win32
		{6BCE0E64-5A72-4243-B385-88E62C8E398A}.Release|Win32.ActiveCfg = Release|Win32
		{6BCE0E64-5A72-4243-B385-88E62C8E398A}.Release|Win32.Build.0 = Release|Win32
		{6BCE0E64-5A72-4243-B385-88E62C8E398A}.Release|x64.ActiveCfg = Release|x64
		{6BCE0E64-5A72-4243-B385-88E62C8E398A}.Release|x64.Build.0 = Release|x64
		{4EA67539-9EE9-4065-BD39-87E517FD8262}.Debug|Any CPU.ActiveCfg = Debug|Win32
		{4EA67539-9EE9-4065-BD39-87E517FD8262}.Debug|Win32.ActiveCfg = Debug|Win32
		{4EA67539-9EE9-4065-BD39-87E517FD8262}.Debug|Win32.Build.0 = Debug|Win32
		{4EA67539-9EE9-4065-BD39-87E517FD8262}.Debug|x64.ActiveCfg = Debug|x64
		{4EA67539-9EE9-4065-BD39-87E517FD8262}.Debug|x64.Build.0 = Debug|x64
		{4EA67539-9EE9-4065-BD39-87E517FD8262}.Release|Any CPU.ActiveCfg = Release|Win32
		{4EA67539-9EE9-4065-BD39-87E517FD8262}.Release|Win32.ActiveCfg = Release|Win32
		{4EA67539-9EE9-4065-BD39-87E517FD8262}.Release|Win32.Build.0 = Release|Win32
		{4EA67539-9EE9-4065-BD39-87E517FD8262}.Release|x64.ActiveCfg = Release|x64
		{4EA67539-9EE9-4065-BD39-87E517FD8262}.Release|x64.Build.0 = Release|x64
		{020EEC8A-B207-47C6-B173-52DACB2B5908}.Debug|Any CPU.ActiveCfg = Debug|Win32
		{020EEC8A-B207-47C6-B173-52DACB2B5908}.Debug|Win32.ActiveCfg = Debug|Win32
		{020EEC8A-B207-47C6-B173-52DACB2B5908}.Debug|Win32.Build.0 = Debug|Win32
		{020EEC8A-B207-47C6-B173-52DACB2B5908}.Debug|x64.ActiveCfg = Debug|Win32
		{020EEC8A-B207-47C6-B173-52DACB2B5908}.Release|Any CPU.ActiveCfg = Release|Win32
		{020EEC8A-B207-47C6-B173-52DACB2B5908}.Release|Win32.ActiveCfg = Release|Win32
		{020EEC8A-B207-47C6-B173-52DACB2B5908}.Release|Win32.Build.0 = Release|Win32
		{020EEC8A-B207-47C6-B173-52DACB2B5908}.Release|x64.ActiveCfg = Release|Win32
		{61B0178D-D60E-4274-BF1F-348D0356C866}.Debug|Any CPU.ActiveCfg = Debug|Win32
		{61B0178D-D60E-4274-BF1F-348D0356C866}.Debug|Win32.ActiveCfg = Debug|Win32
		{61B0178D-D60E-4274-BF1F-348D0356C866}.Debug|Win32.Build.0 = Debug|Win32
		{61B0178D-D60E-4274-BF1F-348D0356C866}.Debug|x64.ActiveCfg = Debug|x64
		{61B0178D-D60E-4274-BF1F-348D0356C866}.Debug|x64.Build.0 = Debug|x64
		{61B0178D-D60E-4274-BF1F-348D0356C866}.Release|Any CPU.ActiveCfg = Release|Win32
		{61B0178D-D60E-4274-BF1F-348D0356C866}.Release|Win32.ActiveCfg = Release|Win32
		{61B0178D-D60E-4274-BF1F-348D0356C866}.Release|Win32.Build.0 = Release|Win32
		{61B0178D-D60E-4274-BF1F-348D0356C866}.Release|x64.ActiveCfg = Release|x64
		{61B0178D-D60E-4274-BF1F-348D0356C866}.Release|x64.Build.0 = Release|x64
	EndGlobalSection
	GlobalSection(SolutionProperties) = preSolution
		HideSolutionNode = FALSE
	EndGlobalSection
	GlobalSection(SubversionScc) = preSolution
		Svn-Managed = True
		Manager = AnkhSVN - Subversion Support for Visual Studio
	EndGlobalSection
EndGlobal
